
Microsoft Visual Studio Solution File, Format Version 12.00
# Visual Studio Version 17
VisualStudioVersion = 17.5.33516.290
MinimumVisualStudioVersion = 10.0.40219.1
Project("{FAE04EC0-301F-11D3-BF4B-00C04F79EFBC}") = "MummiesTestAPI", "MummiesTestAPI\MummiesTestAPI.csproj", "{CD3770E2-58B5-4E93-B49D-FFAECFE58D1A}"
EndProject
Global
	GlobalSection(SolutionConfigurationPlatforms) = preSolution
		Debug|Any CPU = Debug|Any CPU
		Release|Any CPU = Release|Any CPU
	EndGlobalSection
	GlobalSection(ProjectConfigurationPlatforms) = postSolution
		{CD3770E2-58B5-4E93-B49D-FFAECFE58D1A}.Debug|Any CPU.ActiveCfg = Debug|Any CPU
		{CD3770E2-58B5-4E93-B49D-FFAECFE58D1A}.Debug|Any CPU.Build.0 = Debug|Any CPU
		{CD3770E2-58B5-4E93-B49D-FFAECFE58D1A}.Release|Any CPU.ActiveCfg = Release|Any CPU
		{CD3770E2-58B5-4E93-B49D-FFAECFE58D1A}.Release|Any CPU.Build.0 = Release|Any CPU
	EndGlobalSection
	GlobalSection(SolutionProperties) = preSolution
		HideSolutionNode = FALSE
	EndGlobalSection
	GlobalSection(ExtensibilityGlobals) = postSolution
		SolutionGuid = {055D0135-26E3-4222-9315-FF4AA460FBAC}
	EndGlobalSection
EndGlobal
